
Microsoft Visual Studio Solution File, Format Version 12.00
# Visual Studio Version 16
VisualStudioVersion = 16.0.29728.190
MinimumVisualStudioVersion = 10.0.40219.1
Project("{FAE04EC0-301F-11D3-BF4B-00C04F79EFBC}") = "CssHtml5Journey", "CssHtml5Journey\CssHtml5Journey.csproj", "{E08079C9-31CE-42FF-909F-183E074AAD6A}"
EndProject
Global
	GlobalSection(SolutionConfigurationPlatforms) = preSolution
		Debug|Any CPU = Debug|Any CPU
		Release|Any CPU = Release|Any CPU
	EndGlobalSection
	GlobalSection(ProjectConfigurationPlatforms) = postSolution
		{E08079C9-31CE-42FF-909F-183E074AAD6A}.Debug|Any CPU.ActiveCfg = Debug|Any CPU
		{E08079C9-31CE-42FF-909F-183E074AAD6A}.Debug|Any CPU.Build.0 = Debug|Any CPU
		{E08079C9-31CE-42FF-909F-183E074AAD6A}.Release|Any CPU.ActiveCfg = Release|Any CPU
		{E08079C9-31CE-42FF-909F-183E074AAD6A}.Release|Any CPU.Build.0 = Release|Any CPU
	EndGlobalSection
	GlobalSection(SolutionProperties) = preSolution
		HideSolutionNode = FALSE
	EndGlobalSection
	GlobalSection(ExtensibilityGlobals) = postSolution
		SolutionGuid = {6860003A-7C5F-4B4C-9884-43A86D1CCB65}
	EndGlobalSection
EndGlobal
